
Microsoft Visual Studio Solution File, Format Version 12.00
# Visual Studio Version 16
VisualStudioVersion = 16.0.30804.86
MinimumVisualStudioVersion = 10.0.40219.1
Project("{FAE04EC0-301F-11D3-BF4B-00C04F79EFBC}") = "KYTTest.Industrial", "KYTTest.Industrial\KYTTest.Industrial.csproj", "{E7228340-CB5B-4628-8300-76E2FA4E9433}"
EndProject
Project("{9A19103F-16F7-4668-BE54-9A1E7A4F7556}") = "IoTClient", "IoTClient\IoTClient.csproj", "{40B106BC-1D17-4AAD-8372-0120169F65C1}"
EndProject
Project("{FAE04EC0-301F-11D3-BF4B-00C04F79EFBC}") = "KYTTest.communication", "KYTTest.communication\KYTTest.communication.csproj", "{819BA2DB-2584-4E61-8420-F46A3A209F04}"
EndProject
Project("{FAE04EC0-301F-11D3-BF4B-00C04F79EFBC}") = "KYJTest.Controls", "KYJTest.Controls\KYJTest.Controls.csproj", "{B6FD7DB9-FF7E-4D31-8CEC-8C33308BDF3D}"
EndProject
Global
	GlobalSection(SolutionConfigurationPlatforms) = preSolution
		Debug|Any CPU = Debug|Any CPU
		Release|Any CPU = Release|Any CPU
	EndGlobalSection
	GlobalSection(ProjectConfigurationPlatforms) = postSolution
		{E7228340-CB5B-4628-8300-76E2FA4E9433}.Debug|Any CPU.ActiveCfg = Debug|Any CPU
		{E7228340-CB5B-4628-8300-76E2FA4E9433}.Debug|Any CPU.Build.0 = Debug|Any CPU
		{E7228340-CB5B-4628-8300-76E2FA4E9433}.Release|Any CPU.ActiveCfg = Release|Any CPU
		{E7228340-CB5B-4628-8300-76E2FA4E9433}.Release|Any CPU.Build.0 = Release|Any CPU
		{40B106BC-1D17-4AAD-8372-0120169F65C1}.Debug|Any CPU.ActiveCfg = Debug|Any CPU
		{40B106BC-1D17-4AAD-8372-0120169F65C1}.Debug|Any CPU.Build.0 = Debug|Any CPU
		{40B106BC-1D17-4AAD-8372-0120169F65C1}.Release|Any CPU.ActiveCfg = Release|Any CPU
		{40B106BC-1D17-4AAD-8372-0120169F65C1}.Release|Any CPU.Build.0 = Release|Any CPU
		{819BA2DB-2584-4E61-8420-F46A3A209F04}.Debug|Any CPU.ActiveCfg = Debug|Any CPU
		{819BA2DB-2584-4E61-8420-F46A3A209F04}.Debug|Any CPU.Build.0 = Debug|Any CPU
		{819BA2DB-2584-4E61-8420-F46A3A209F04}.Release|Any CPU.ActiveCfg = Release|Any CPU
		{819BA2DB-2584-4E61-8420-F46A3A209F04}.Release|Any CPU.Build.0 = Release|Any CPU
		{B6FD7DB9-FF7E-4D31-8CEC-8C33308BDF3D}.Debug|Any CPU.ActiveCfg = Debug|Any CPU
		{B6FD7DB9-FF7E-4D31-8CEC-8C33308BDF3D}.Debug|Any CPU.Build.0 = Debug|Any CPU
		{B6FD7DB9-FF7E-4D31-8CEC-8C33308BDF3D}.Release|Any CPU.ActiveCfg = Release|Any CPU
		{B6FD7DB9-FF7E-4D31-8CEC-8C33308BDF3D}.Release|Any CPU.Build.0 = Release|Any CPU
	EndGlobalSection
	GlobalSection(SolutionProperties) = preSolution
		HideSolutionNode = FALSE
	EndGlobalSection
	GlobalSection(ExtensibilityGlobals) = postSolution
		SolutionGuid = {A8C46748-C980-422A-964D-0E93642D4183}
	EndGlobalSection
EndGlobal
